
Microsoft Visual Studio Solution File, Format Version 12.00
# Visual Studio Version 16
VisualStudioVersion = 16.0.33214.272
MinimumVisualStudioVersion = 10.0.40219.1
Project("{FAE04EC0-301F-11D3-BF4B-00C04F79EFBC}") = "API", "API\API.csproj", "{5FE753DD-D501-43FD-993A-8E0B37A50B7A}"
EndProject
Global
	GlobalSection(SolutionConfigurationPlatforms) = preSolution
		Debug|Any CPU = Debug|Any CPU
		Release|Any CPU = Release|Any CPU
	EndGlobalSection
	GlobalSection(ProjectConfigurationPlatforms) = postSolution
		{5FE753DD-D501-43FD-993A-8E0B37A50B7A}.Debug|Any CPU.ActiveCfg = Debug|Any CPU
		{5FE753DD-D501-43FD-993A-8E0B37A50B7A}.Debug|Any CPU.Build.0 = Debug|Any CPU
		{5FE753DD-D501-43FD-993A-8E0B37A50B7A}.Release|Any CPU.ActiveCfg = Release|Any CPU
		{5FE753DD-D501-43FD-993A-8E0B37A50B7A}.Release|Any CPU.Build.0 = Release|Any CPU
	EndGlobalSection
	GlobalSection(SolutionProperties) = preSolution
		HideSolutionNode = FALSE
	EndGlobalSection
	GlobalSection(ExtensibilityGlobals) = postSolution
		SolutionGuid = {81E30FE5-C250-45F1-99CE-A6A533F8A31A}
	EndGlobalSection
EndGlobal
